
Microsoft Visual Studio Solution File, Format Version 12.00
# Visual Studio Version 17
VisualStudioVersion = 17.14.36202.13
MinimumVisualStudioVersion = 10.0.40219.1
Project("{FAE04EC0-301F-11D3-BF4B-00C04F79EFBC}") = "MTKDotNetCore.ConsoleApp", "MTKDotNetCore.ConsoleApp\MTKDotNetCore.ConsoleApp.csproj", "{CFDEE7D1-5AA5-4901-9670-D75A3CCE74AD}"
EndProject
Project("{FAE04EC0-301F-11D3-BF4B-00C04F79EFBC}") = "MTKDotNetCore.WebAPI", "MTKDotNetCore.WebAPI\MTKDotNetCore.WebAPI.csproj", "{22054F0C-5296-4D93-A1A1-FB14D3036106}"
EndProject
Project("{FAE04EC0-301F-11D3-BF4B-00C04F79EFBC}") = "MTKDotNetCore.Shared", "MTKDotNetCore.Shared\MTKDotNetCore.Shared.csproj", "{BA0B12BB-6210-4A83-9940-962E90A2FCB1}"
EndProject
Project("{FAE04EC0-301F-11D3-BF4B-00C04F79EFBC}") = "MTKDotNetCore.BlogMinimalApi", "BlogMinimalApi\MTKDotNetCore.BlogMinimalApi.csproj", "{8ED2F1B3-3E62-4F80-97D6-2296D4766EB2}"
EndProject
Project("{FAE04EC0-301F-11D3-BF4B-00C04F79EFBC}") = "MTKDotNetCore.BirdJsonMinimalApi", "BirdJsonMinimalApi\MTKDotNetCore.BirdJsonMinimalApi.csproj", "{CFE5B41B-22C3-4C7F-82E9-F87EDE4F2138}"
EndProject
Project("{FAE04EC0-301F-11D3-BF4B-00C04F79EFBC}") = "MTKDotNetCore.Domain", "MTKDotNetCore.Domain\MTKDotNetCore.Domain.csproj", "{24CB47C3-435B-4EA4-B39E-24C0C708DEA3}"
EndProject
Project("{FAE04EC0-301F-11D3-BF4B-00C04F79EFBC}") = "MTKDotNetCore.ConsoleHttpClient", "MTKDotNetCore.ConsoleHttpClient\MTKDotNetCore.ConsoleHttpClient.csproj", "{3E06FF1B-44FE-4212-AF37-229C3F022512}"
EndProject
Project("{FAE04EC0-301F-11D3-BF4B-00C04F79EFBC}") = "MTKDotNetCore.ConsoleApp.DI", "MTKDotNetCore.ConsoleApp.DI\MTKDotNetCore.ConsoleApp.DI.csproj", "{290C5DB0-5465-4F27-9889-9E0B0D180675}"
EndProject
Project("{FAE04EC0-301F-11D3-BF4B-00C04F79EFBC}") = "MTKDotNetCore.MinimalApi.DI", "MTKDotNetCore.MinimalApi.DI\MTKDotNetCore.MinimalApi.DI.csproj", "{D591C14A-96E0-4DC8-B6BD-AD63E4AAD32E}"
EndProject
Global
	GlobalSection(SolutionConfigurationPlatforms) = preSolution
		Debug|Any CPU = Debug|Any CPU
		Release|Any CPU = Release|Any CPU
	EndGlobalSection
	GlobalSection(ProjectConfigurationPlatforms) = postSolution
		{CFDEE7D1-5AA5-4901-9670-D75A3CCE74AD}.Debug|Any CPU.ActiveCfg = Debug|Any CPU
		{CFDEE7D1-5AA5-4901-9670-D75A3CCE74AD}.Debug|Any CPU.Build.0 = Debug|Any CPU
		{CFDEE7D1-5AA5-4901-9670-D75A3CCE74AD}.Release|Any CPU.ActiveCfg = Release|Any CPU
		{CFDEE7D1-5AA5-4901-9670-D75A3CCE74AD}.Release|Any CPU.Build.0 = Release|Any CPU
		{22054F0C-5296-4D93-A1A1-FB14D3036106}.Debug|Any CPU.ActiveCfg = Debug|Any CPU
		{22054F0C-5296-4D93-A1A1-FB14D3036106}.Debug|Any CPU.Build.0 = Debug|Any CPU
		{22054F0C-5296-4D93-A1A1-FB14D3036106}.Release|Any CPU.ActiveCfg = Release|Any CPU
		{22054F0C-5296-4D93-A1A1-FB14D3036106}.Release|Any CPU.Build.0 = Release|Any CPU
		{BA0B12BB-6210-4A83-9940-962E90A2FCB1}.Debug|Any CPU.ActiveCfg = Debug|Any CPU
		{BA0B12BB-6210-4A83-9940-962E90A2FCB1}.Debug|Any CPU.Build.0 = Debug|Any CPU
		{BA0B12BB-6210-4A83-9940-962E90A2FCB1}.Release|Any CPU.ActiveCfg = Release|Any CPU
		{BA0B12BB-6210-4A83-9940-962E90A2FCB1}.Release|Any CPU.Build.0 = Release|Any CPU
		{8ED2F1B3-3E62-4F80-97D6-2296D4766EB2}.Debug|Any CPU.ActiveCfg = Debug|Any CPU
		{8ED2F1B3-3E62-4F80-97D6-2296D4766EB2}.Debug|Any CPU.Build.0 = Debug|Any CPU
		{8ED2F1B3-3E62-4F80-97D6-2296D4766EB2}.Release|Any CPU.ActiveCfg = Release|Any CPU
		{8ED2F1B3-3E62-4F80-97D6-2296D4766EB2}.Release|Any CPU.Build.0 = Release|Any CPU
		{CFE5B41B-22C3-4C7F-82E9-F87EDE4F2138}.Debug|Any CPU.ActiveCfg = Debug|Any CPU
		{CFE5B41B-22C3-4C7F-82E9-F87EDE4F2138}.Debug|Any CPU.Build.0 = Debug|Any CPU
		{CFE5B41B-22C3-4C7F-82E9-F87EDE4F2138}.Release|Any CPU.ActiveCfg = Release|Any CPU
		{CFE5B41B-22C3-4C7F-82E9-F87EDE4F2138}.Release|Any CPU.Build.0 = Release|Any CPU
		{24CB47C3-435B-4EA4-B39E-24C0C708DEA3}.Debug|Any CPU.ActiveCfg = Debug|Any CPU
		{24CB47C3-435B-4EA4-B39E-24C0C708DEA3}.Debug|Any CPU.Build.0 = Debug|Any CPU
		{24CB47C3-435B-4EA4-B39E-24C0C708DEA3}.Release|Any CPU.ActiveCfg = Release|Any CPU
		{24CB47C3-435B-4EA4-B39E-24C0C708DEA3}.Release|Any CPU.Build.0 = Release|Any CPU
		{3E06FF1B-44FE-4212-AF37-229C3F022512}.Debug|Any CPU.ActiveCfg = Debug|Any CPU
		{3E06FF1B-44FE-4212-AF37-229C3F022512}.Debug|Any CPU.Build.0 = Debug|Any CPU
		{3E06FF1B-44FE-4212-AF37-229C3F022512}.Release|Any CPU.ActiveCfg = Release|Any CPU
		{3E06FF1B-44FE-4212-AF37-229C3F022512}.Release|Any CPU.Build.0 = Release|Any CPU
		{290C5DB0-5465-4F27-9889-9E0B0D180675}.Debug|Any CPU.ActiveCfg = Debug|Any CPU
		{290C5DB0-5465-4F27-9889-9E0B0D180675}.Debug|Any CPU.Build.0 = Debug|Any CPU
		{290C5DB0-5465-4F27-9889-9E0B0D180675}.Release|Any CPU.ActiveCfg = Release|Any CPU
		{290C5DB0-5465-4F27-9889-9E0B0D180675}.Release|Any CPU.Build.0 = Release|Any CPU
		{D591C14A-96E0-4DC8-B6BD-AD63E4AAD32E}.Debug|Any CPU.ActiveCfg = Debug|Any CPU
		{D591C14A-96E0-4DC8-B6BD-AD63E4AAD32E}.Debug|Any CPU.Build.0 = Debug|Any CPU
		{D591C14A-96E0-4DC8-B6BD-AD63E4AAD32E}.Release|Any CPU.ActiveCfg = Release|Any CPU
		{D591C14A-96E0-4DC8-B6BD-AD63E4AAD32E}.Release|Any CPU.Build.0 = Release|Any CPU
	EndGlobalSection
	GlobalSection(SolutionProperties) = preSolution
		HideSolutionNode = FALSE
	EndGlobalSection
	GlobalSection(ExtensibilityGlobals) = postSolution
		SolutionGuid = {9DF8BC67-551A-4D22-A888-406600EC6413}
	EndGlobalSection
EndGlobal
