
Microsoft Visual Studio Solution File, Format Version 12.00
# Visual Studio Version 17
VisualStudioVersion = 17.14.36202.13
MinimumVisualStudioVersion = 10.0.40219.1
Project("{FAE04EC0-301F-11D3-BF4B-00C04F79EFBC}") = "MTKDotNetCore.ConsoleApp", "MTKDotNetCore.ConsoleApp\MTKDotNetCore.ConsoleApp.csproj", "{CFDEE7D1-5AA5-4901-9670-D75A3CCE74AD}"
EndProject
Project("{FAE04EC0-301F-11D3-BF4B-00C04F79EFBC}") = "MTKDotNetCore.WebAPI", "MTKDotNetCore.WebAPI\MTKDotNetCore.WebAPI.csproj", "{22054F0C-5296-4D93-A1A1-FB14D3036106}"
EndProject
Global
	GlobalSection(SolutionConfigurationPlatforms) = preSolution
		Debug|Any CPU = Debug|Any CPU
		Release|Any CPU = Release|Any CPU
	EndGlobalSection
	GlobalSection(ProjectConfigurationPlatforms) = postSolution
		{CFDEE7D1-5AA5-4901-9670-D75A3CCE74AD}.Debug|Any CPU.ActiveCfg = Debug|Any CPU
		{CFDEE7D1-5AA5-4901-9670-D75A3CCE74AD}.Debug|Any CPU.Build.0 = Debug|Any CPU
		{CFDEE7D1-5AA5-4901-9670-D75A3CCE74AD}.Release|Any CPU.ActiveCfg = Release|Any CPU
		{CFDEE7D1-5AA5-4901-9670-D75A3CCE74AD}.Release|Any CPU.Build.0 = Release|Any CPU
		{22054F0C-5296-4D93-A1A1-FB14D3036106}.Debug|Any CPU.ActiveCfg = Debug|Any CPU
		{22054F0C-5296-4D93-A1A1-FB14D3036106}.Debug|Any CPU.Build.0 = Debug|Any CPU
		{22054F0C-5296-4D93-A1A1-FB14D3036106}.Release|Any CPU.ActiveCfg = Release|Any CPU
		{22054F0C-5296-4D93-A1A1-FB14D3036106}.Release|Any CPU.Build.0 = Release|Any CPU
	EndGlobalSection
	GlobalSection(SolutionProperties) = preSolution
		HideSolutionNode = FALSE
	EndGlobalSection
	GlobalSection(ExtensibilityGlobals) = postSolution
		SolutionGuid = {9DF8BC67-551A-4D22-A888-406600EC6413}
	EndGlobalSection
EndGlobal
